
Microsoft Visual Studio Solution File, Format Version 12.00
# Visual Studio Version 17
VisualStudioVersion = 17.13.35828.75 d17.13
MinimumVisualStudioVersion = 10.0.40219.1
Project("{FAE04EC0-301F-11D3-BF4B-00C04F79EFBC}") = "Recipes.Android", "Recipes.Android\Recipes.Android.csproj", "{EBE275C1-9951-48D8-8124-EA76EB286DD4}"
EndProject
Project("{FAE04EC0-301F-11D3-BF4B-00C04F79EFBC}") = "Recipes", "Recipes\Recipes.csproj", "{C92D7003-3AF3-479B-AAD7-451DD6F9E4C6}"
EndProject
Global
	GlobalSection(SolutionConfigurationPlatforms) = preSolution
		Debug|Any CPU = Debug|Any CPU
		Release|Any CPU = Release|Any CPU
	EndGlobalSection
	GlobalSection(ProjectConfigurationPlatforms) = postSolution
		{EBE275C1-9951-48D8-8124-EA76EB286DD4}.Debug|Any CPU.ActiveCfg = Debug|Any CPU
		{EBE275C1-9951-48D8-8124-EA76EB286DD4}.Debug|Any CPU.Build.0 = Debug|Any CPU
		{EBE275C1-9951-48D8-8124-EA76EB286DD4}.Debug|Any CPU.Deploy.0 = Debug|Any CPU
		{EBE275C1-9951-48D8-8124-EA76EB286DD4}.Release|Any CPU.ActiveCfg = Release|Any CPU
		{EBE275C1-9951-48D8-8124-EA76EB286DD4}.Release|Any CPU.Build.0 = Release|Any CPU
		{EBE275C1-9951-48D8-8124-EA76EB286DD4}.Release|Any CPU.Deploy.0 = Release|Any CPU
		{C92D7003-3AF3-479B-AAD7-451DD6F9E4C6}.Debug|Any CPU.ActiveCfg = Debug|Any CPU
		{C92D7003-3AF3-479B-AAD7-451DD6F9E4C6}.Debug|Any CPU.Build.0 = Debug|Any CPU
		{C92D7003-3AF3-479B-AAD7-451DD6F9E4C6}.Debug|Any CPU.Deploy.0 = Debug|Any CPU
		{C92D7003-3AF3-479B-AAD7-451DD6F9E4C6}.Release|Any CPU.ActiveCfg = Release|Any CPU
		{C92D7003-3AF3-479B-AAD7-451DD6F9E4C6}.Release|Any CPU.Build.0 = Release|Any CPU
		{C92D7003-3AF3-479B-AAD7-451DD6F9E4C6}.Release|Any CPU.Deploy.0 = Release|Any CPU
	EndGlobalSection
	GlobalSection(SolutionProperties) = preSolution
		HideSolutionNode = FALSE
	EndGlobalSection
	GlobalSection(ExtensibilityGlobals) = postSolution
		SolutionGuid = {20E8C398-0F2C-4161-A436-D427DE485F6D}
	EndGlobalSection
EndGlobal
